{
  "object": {
    "pins": [
      {
        "package": "PublisherView",
        "repositoryURL": "https://github.com/danielctull/PublisherView",
        "state": {
          "branch": "master",
          "revision": "0ed68b720964ae9dda81123ef0fafcf896e2f18e",
          "version": null
        }
      }
    ]
  },
  "version": 1
}
